
Microsoft Visual Studio Solution File, Format Version 12.00
# Visual Studio Version 17
VisualStudioVersion = 17.10.35122.118
MinimumVisualStudioVersion = 10.0.40219.1
Project("{FAE04EC0-301F-11D3-BF4B-00C04F79EFBC}") = "RazorPagesMovie", "RazorPagesMovie\RazorPagesMovie.csproj", "{004E7FBC-C7BD-4EF5-B9BA-2D880E1961C2}"
EndProject
Global
	GlobalSection(SolutionConfigurationPlatforms) = preSolution
		Debug|Any CPU = Debug|Any CPU
		Release|Any CPU = Release|Any CPU
	EndGlobalSection
	GlobalSection(ProjectConfigurationPlatforms) = postSolution
		{004E7FBC-C7BD-4EF5-B9BA-2D880E1961C2}.Debug|Any CPU.ActiveCfg = Debug|Any CPU
		{004E7FBC-C7BD-4EF5-B9BA-2D880E1961C2}.Debug|Any CPU.Build.0 = Debug|Any CPU
		{004E7FBC-C7BD-4EF5-B9BA-2D880E1961C2}.Release|Any CPU.ActiveCfg = Release|Any CPU
		{004E7FBC-C7BD-4EF5-B9BA-2D880E1961C2}.Release|Any CPU.Build.0 = Release|Any CPU
	EndGlobalSection
	GlobalSection(SolutionProperties) = preSolution
		HideSolutionNode = FALSE
	EndGlobalSection
	GlobalSection(ExtensibilityGlobals) = postSolution
		SolutionGuid = {A855B51A-ACD1-474C-9733-FD6CB4485AE8}
	EndGlobalSection
EndGlobal
